<?xml version="1.0" encoding="utf-8"?>
<Project ToolsVersion="4.0" xmlns="http://schemas.microsoft.com/developer/msbuild/2003">
  <ItemGroup>
    <Filter Include="Source Files">
      <UniqueIdentifier>{4FC737F1-C7A5-4376-A066-2A32D752A2FF}</UniqueIdentifier>
      <Extensions>cpp;c;cc;cxx;c++;cppm;ixx;def;odl;idl;hpj;bat;asm;asmx</Extensions>
    </Filter>
    <Filter Include="Header Files">
      <UniqueIdentifier>{93995380-89BD-4b04-88EB-625FBE52EBFB}</UniqueIdentifier>
      <Extensions>h;hh;hpp;hxx;h++;hm;inl;inc;ipp;xsd</Extensions>
    </Filter>
    <Filter Include="Resource Files">
      <UniqueIdentifier>{67DA6AB6-F800-4c08-8B7A-83BB121AAD01}</UniqueIdentifier>
      <Extensions>rc;ico;cur;bmp;dlg;rc2;rct;bin;rgs;gif;jpg;jpeg;jpe;resx;tiff;tif;png;wav;mfcribbon-ms</Extensions>
    </Filter>
    <Filter Include="Application">
      <UniqueIdentifier>{ab67d93c-0dd2-4320-afe7-aebe1b92f703}</UniqueIdentifier>
    </Filter>
    <Filter Include="Renderer">
      <UniqueIdentifier>{1d08fa8c-7400-4fe0-8f64-bf97d3c23992}</UniqueIdentifier>
    </Filter>
    <Filter Include="DirectX">
      <UniqueIdentifier>{cb153522-d75b-4961-9256-cea3b3c60ded}</UniqueIdentifier>
    </Filter>
  </ItemGroup>
  <ItemGroup>
    <ClCompile Include="Main.cpp">
      <Filter>Source Files</Filter>
    </ClCompile>
    <ClCompile Include="Cell.cpp">
      <Filter>Source Files</Filter>
    </ClCompile>
    <ClCompile Include="PerspectiveCamera.cpp">
      <Filter>Header Files</Filter>
    </ClCompile>
    <ClCompile Include="DirectXApplication.cpp">
      <Filter>Application</Filter>
    </ClCompile>
    <ClCompile Include="SDL2Application.cpp">
      <Filter>Application</Filter>
    </ClCompile>
    <ClCompile Include="DirectXRenderer.cpp">
      <Filter>Renderer</Filter>
    </ClCompile>
    <ClCompile Include="SDL2Renderer.cpp">
      <Filter>Renderer</Filter>
    </ClCompile>
    <ClCompile Include="Renderer.cpp">
      <Filter>Renderer</Filter>
    </ClCompile>
    <ClCompile Include="OpenGLRenderer.cpp">
      <Filter>Renderer</Filter>
    </ClCompile>
    <ClCompile Include="Application.cpp">
      <Filter>Application</Filter>
    </ClCompile>
    <ClCompile Include="BaseEffect.cpp">
      <Filter>DirectX</Filter>
    </ClCompile>
    <ClCompile Include="Mesh.cpp">
      <Filter>DirectX</Filter>
    </ClCompile>
  </ItemGroup>
  <ItemGroup>
    <ClInclude Include="Cell.h">
      <Filter>Header Files</Filter>
    </ClInclude>
    <ClInclude Include="PerspectiveCamera.h">
      <Filter>Header Files</Filter>
    </ClInclude>
    <ClInclude Include="DirectXApplication.h">
      <Filter>Application</Filter>
    </ClInclude>
    <ClInclude Include="SDL2Application.h">
      <Filter>Application</Filter>
    </ClInclude>
    <ClInclude Include="Application.h">
      <Filter>Application</Filter>
    </ClInclude>
    <ClInclude Include="OpenGLRenderer.h">
      <Filter>Renderer</Filter>
    </ClInclude>
    <ClInclude Include="DirectXRenderer.h">
      <Filter>Renderer</Filter>
    </ClInclude>
    <ClInclude Include="Renderer.h">
      <Filter>Renderer</Filter>
    </ClInclude>
    <ClInclude Include="SDL2Renderer.h">
      <Filter>Renderer</Filter>
    </ClInclude>
    <ClInclude Include="BaseEffect.h">
      <Filter>DirectX</Filter>
    </ClInclude>
    <ClInclude Include="Mesh.h">
      <Filter>DirectX</Filter>
    </ClInclude>
    <ClInclude Include="OBJ_Loader.h">
      <Filter>Header Files</Filter>
    </ClInclude>
  </ItemGroup>
</Project>