<?xml version="1.0" encoding="utf-8"?>
<Project ToolsVersion="4.0" xmlns="http://schemas.microsoft.com/developer/msbuild/2003">
  <ItemGroup>
    <Filter Include="Source Files">
      <UniqueIdentifier>{4FC737F1-C7A5-4376-A066-2A32D752A2FF}</UniqueIdentifier>
      <Extensions>cpp;c;cc;cxx;c++;cppm;ixx;def;odl;idl;hpj;bat;asm;asmx</Extensions>
    </Filter>
    <Filter Include="Header Files">
      <UniqueIdentifier>{93995380-89BD-4b04-88EB-625FBE52EBFB}</UniqueIdentifier>
      <Extensions>h;hh;hpp;hxx;h++;hm;inl;inc;ipp;xsd</Extensions>
    </Filter>
    <Filter Include="Resource Files">
      <UniqueIdentifier>{67DA6AB6-F800-4c08-8B7A-83BB121AAD01}</UniqueIdentifier>
      <Extensions>rc;ico;cur;bmp;dlg;rc2;rct;bin;rgs;gif;jpg;jpeg;jpe;resx;tiff;tif;png;wav;mfcribbon-ms</Extensions>
    </Filter>
    <Filter Include="Application">
      <UniqueIdentifier>{ab67d93c-0dd2-4320-afe7-aebe1b92f703}</UniqueIdentifier>
    </Filter>
    <Filter Include="Renderer">
      <UniqueIdentifier>{1d08fa8c-7400-4fe0-8f64-bf97d3c23992}</UniqueIdentifier>
    </Filter>
    <Filter Include="DirectX">
      <UniqueIdentifier>{cb153522-d75b-4961-9256-cea3b3c60ded}</UniqueIdentifier>
    </Filter>
    <Filter Include="Shaders">
      <UniqueIdentifier>{b2dd906a-3730-4ff0-bae9-b6c3a16a7be7}</UniqueIdentifier>
    </Filter>
    <Filter Include="3rdParty">
      <UniqueIdentifier>{9c070bcc-2b09-412e-a81c-c142e6f1a092}</UniqueIdentifier>
    </Filter>
    <Filter Include="3rdParty\ImGui">
      <UniqueIdentifier>{d6378efa-dbf7-4f43-bf00-9bfe2c76c65b}</UniqueIdentifier>
    </Filter>
  </ItemGroup>
  <ItemGroup>
    <ClCompile Include="Main.cpp">
      <Filter>Source Files</Filter>
    </ClCompile>
    <ClCompile Include="Cell.cpp">
      <Filter>Source Files</Filter>
    </ClCompile>
    <ClCompile Include="PerspectiveCamera.cpp">
      <Filter>Header Files</Filter>
    </ClCompile>
    <ClCompile Include="DirectXApplication.cpp">
      <Filter>Application</Filter>
    </ClCompile>
    <ClCompile Include="SDL2Application.cpp">
      <Filter>Application</Filter>
    </ClCompile>
    <ClCompile Include="DirectXRenderer.cpp">
      <Filter>Renderer</Filter>
    </ClCompile>
    <ClCompile Include="SDL2Renderer.cpp">
      <Filter>Renderer</Filter>
    </ClCompile>
    <ClCompile Include="Renderer.cpp">
      <Filter>Renderer</Filter>
    </ClCompile>
    <ClCompile Include="OpenGLRenderer.cpp">
      <Filter>Renderer</Filter>
    </ClCompile>
    <ClCompile Include="Application.cpp">
      <Filter>Application</Filter>
    </ClCompile>
    <ClCompile Include="BaseEffect.cpp">
      <Filter>DirectX</Filter>
    </ClCompile>
    <ClCompile Include="Mesh.cpp">
      <Filter>DirectX</Filter>
    </ClCompile>
    <ClCompile Include="3rdParty\imgui-1.81\imgui_draw.cpp">
      <Filter>3rdParty\ImGui</Filter>
    </ClCompile>
    <ClCompile Include="3rdParty\imgui-1.81\imgui_tables.cpp">
      <Filter>3rdParty\ImGui</Filter>
    </ClCompile>
    <ClCompile Include="3rdParty\imgui-1.81\imgui_widgets.cpp">
      <Filter>3rdParty\ImGui</Filter>
    </ClCompile>
    <ClCompile Include="3rdParty\imgui-1.81\imgui.cpp">
      <Filter>3rdParty\ImGui</Filter>
    </ClCompile>
    <ClCompile Include="3rdParty\imgui-1.81\imgui_demo.cpp">
      <Filter>3rdParty\ImGui</Filter>
    </ClCompile>
    <ClCompile Include="3rdParty\imgui-1.81\backends\imgui_impl_sdl.cpp">
      <Filter>3rdParty\ImGui</Filter>
    </ClCompile>
    <ClCompile Include="3rdParty\imgui-1.81\backends\imgui_impl_dx11.cpp">
      <Filter>3rdParty\ImGui</Filter>
    </ClCompile>
  </ItemGroup>
  <ItemGroup>
    <ClInclude Include="Cell.h">
      <Filter>Header Files</Filter>
    </ClInclude>
    <ClInclude Include="PerspectiveCamera.h">
      <Filter>Header Files</Filter>
    </ClInclude>
    <ClInclude Include="DirectXApplication.h">
      <Filter>Application</Filter>
    </ClInclude>
    <ClInclude Include="SDL2Application.h">
      <Filter>Application</Filter>
    </ClInclude>
    <ClInclude Include="Application.h">
      <Filter>Application</Filter>
    </ClInclude>
    <ClInclude Include="OpenGLRenderer.h">
      <Filter>Renderer</Filter>
    </ClInclude>
    <ClInclude Include="DirectXRenderer.h">
      <Filter>Renderer</Filter>
    </ClInclude>
    <ClInclude Include="Renderer.h">
      <Filter>Renderer</Filter>
    </ClInclude>
    <ClInclude Include="SDL2Renderer.h">
      <Filter>Renderer</Filter>
    </ClInclude>
    <ClInclude Include="BaseEffect.h">
      <Filter>DirectX</Filter>
    </ClInclude>
    <ClInclude Include="Mesh.h">
      <Filter>DirectX</Filter>
    </ClInclude>
    <ClInclude Include="OBJ_Loader.h">
      <Filter>Header Files</Filter>
    </ClInclude>
    <ClInclude Include="3rdParty\imgui-1.81\imgui_internal.h">
      <Filter>3rdParty\ImGui</Filter>
    </ClInclude>
    <ClInclude Include="3rdParty\imgui-1.81\imstb_rectpack.h">
      <Filter>3rdParty\ImGui</Filter>
    </ClInclude>
    <ClInclude Include="3rdParty\imgui-1.81\imstb_textedit.h">
      <Filter>3rdParty\ImGui</Filter>
    </ClInclude>
    <ClInclude Include="3rdParty\imgui-1.81\imstb_truetype.h">
      <Filter>3rdParty\ImGui</Filter>
    </ClInclude>
    <ClInclude Include="3rdParty\imgui-1.81\imconfig.h">
      <Filter>3rdParty\ImGui</Filter>
    </ClInclude>
    <ClInclude Include="3rdParty\imgui-1.81\imgui.h">
      <Filter>3rdParty\ImGui</Filter>
    </ClInclude>
    <ClInclude Include="3rdParty\imgui-1.81\backends\imgui_impl_sdl.h">
      <Filter>3rdParty\ImGui</Filter>
    </ClInclude>
    <ClInclude Include="3rdParty\imgui-1.81\backends\imgui_impl_dx11.h">
      <Filter>3rdParty\ImGui</Filter>
    </ClInclude>
  </ItemGroup>
  <ItemGroup>
    <FxCompile Include="Resources\Shader\PosCol.fx">
      <Filter>Shaders</Filter>
    </FxCompile>
    <FxCompile Include="Resources\Shader\PosColPixelShader.fx">
      <Filter>Shaders</Filter>
    </FxCompile>
    <FxCompile Include="Resources\Shader\PosColVertexShader.fx">
      <Filter>Shaders</Filter>
    </FxCompile>
  </ItemGroup>
</Project>